
Microsoft Visual Studio Solution File, Format Version 12.00
# Visual Studio Version 16
VisualStudioVersion = 16.0.31729.503
MinimumVisualStudioVersion = 10.0.40219.1
Project("{9A19103F-16F7-4668-BE54-9A1E7A4F7556}") = "1", "1\1.csproj", "{C86A2125-2C7D-4375-A5DB-BDBFEB850D5B}"
EndProject
Project("{9A19103F-16F7-4668-BE54-9A1E7A4F7556}") = "2", "2\2.csproj", "{7F092C43-BEEF-4838-9E5D-596FDEE74867}"
EndProject
Project("{9A19103F-16F7-4668-BE54-9A1E7A4F7556}") = "3", "3\3.csproj", "{139CDFEC-790A-47BD-8741-B69B2911EC0C}"
EndProject
Project("{9A19103F-16F7-4668-BE54-9A1E7A4F7556}") = "4", "4\4.csproj", "{2207F943-CEFE-4F5D-AA2A-6BF8CA28D021}"
EndProject
Project("{9A19103F-16F7-4668-BE54-9A1E7A4F7556}") = "5", "5\5.csproj", "{A9C4FF0B-DE80-4496-B752-BBF5615498EB}"
EndProject
Project("{9A19103F-16F7-4668-BE54-9A1E7A4F7556}") = "6", "6\6.csproj", "{A4B54B3E-716A-4989-AC03-5A11D6D15B92}"
EndProject
Project("{9A19103F-16F7-4668-BE54-9A1E7A4F7556}") = "AdventOfCode2021.Test", "AdventOfCode2021.Test\AdventOfCode2021.Test.csproj", "{7DEDFAFA-24B6-461D-89E5-E55025F6EDDA}"
EndProject
Project("{9A19103F-16F7-4668-BE54-9A1E7A4F7556}") = "7", "7\7.csproj", "{0EABF8AE-46B2-43FA-BEF9-C5A739C185FC}"
EndProject
Project("{9A19103F-16F7-4668-BE54-9A1E7A4F7556}") = "8", "8\8.csproj", "{0BB69AFA-FEBF-445F-A2C5-831875227ED3}"
EndProject
Project("{9A19103F-16F7-4668-BE54-9A1E7A4F7556}") = "9", "9\9.csproj", "{13C322F5-9C52-4CE2-8492-47EC9D94BF69}"
EndProject
Project("{9A19103F-16F7-4668-BE54-9A1E7A4F7556}") = "10", "10\10.csproj", "{EA3F49BA-1C33-4F2D-8101-20C0FD2421F8}"
EndProject
Project("{9A19103F-16F7-4668-BE54-9A1E7A4F7556}") = "11", "11\11.csproj", "{6D0EC1CD-6AF0-4509-9BE9-CC5E5D2FCBE9}"
EndProject
Project("{9A19103F-16F7-4668-BE54-9A1E7A4F7556}") = "12", "12\12.csproj", "{A1E85C31-5993-4D8D-9B6A-62AB55FD2F3C}"
EndProject
Project("{9A19103F-16F7-4668-BE54-9A1E7A4F7556}") = "13", "13\13.csproj", "{A84B84A3-E57E-42A3-B630-EFB97125D8BF}"
EndProject
Project("{9A19103F-16F7-4668-BE54-9A1E7A4F7556}") = "14", "14\14.csproj", "{788EA051-5FD5-4C5F-9D50-A41B30682D54}"
EndProject
Project("{9A19103F-16F7-4668-BE54-9A1E7A4F7556}") = "15", "15\15.csproj", "{16FA7C82-1AFC-4C9F-997E-2BC50A11502F}"
EndProject
Project("{9A19103F-16F7-4668-BE54-9A1E7A4F7556}") = "16", "16\16.csproj", "{4E883BC9-8E73-43B7-8B56-BB10E31C536D}"
EndProject
Project("{9A19103F-16F7-4668-BE54-9A1E7A4F7556}") = "17", "17\17.csproj", "{3760E053-1BA4-4B45-BC87-0B4542484629}"
EndProject
Project("{FAE04EC0-301F-11D3-BF4B-00C04F79EFBC}") = "18", "18\18.csproj", "{02FE5A25-335D-4793-9DB5-ED783B04237A}"
EndProject
Global
	GlobalSection(SolutionConfigurationPlatforms) = preSolution
		Debug|Any CPU = Debug|Any CPU
		Release|Any CPU = Release|Any CPU
	EndGlobalSection
	GlobalSection(ProjectConfigurationPlatforms) = postSolution
		{C86A2125-2C7D-4375-A5DB-BDBFEB850D5B}.Debug|Any CPU.ActiveCfg = Debug|Any CPU
		{C86A2125-2C7D-4375-A5DB-BDBFEB850D5B}.Debug|Any CPU.Build.0 = Debug|Any CPU
		{C86A2125-2C7D-4375-A5DB-BDBFEB850D5B}.Release|Any CPU.ActiveCfg = Release|Any CPU
		{C86A2125-2C7D-4375-A5DB-BDBFEB850D5B}.Release|Any CPU.Build.0 = Release|Any CPU
		{7F092C43-BEEF-4838-9E5D-596FDEE74867}.Debug|Any CPU.ActiveCfg = Debug|Any CPU
		{7F092C43-BEEF-4838-9E5D-596FDEE74867}.Debug|Any CPU.Build.0 = Debug|Any CPU
		{7F092C43-BEEF-4838-9E5D-596FDEE74867}.Release|Any CPU.ActiveCfg = Release|Any CPU
		{7F092C43-BEEF-4838-9E5D-596FDEE74867}.Release|Any CPU.Build.0 = Release|Any CPU
		{139CDFEC-790A-47BD-8741-B69B2911EC0C}.Debug|Any CPU.ActiveCfg = Debug|Any CPU
		{139CDFEC-790A-47BD-8741-B69B2911EC0C}.Debug|Any CPU.Build.0 = Debug|Any CPU
		{139CDFEC-790A-47BD-8741-B69B2911EC0C}.Release|Any CPU.ActiveCfg = Release|Any CPU
		{139CDFEC-790A-47BD-8741-B69B2911EC0C}.Release|Any CPU.Build.0 = Release|Any CPU
		{2207F943-CEFE-4F5D-AA2A-6BF8CA28D021}.Debug|Any CPU.ActiveCfg = Debug|Any CPU
		{2207F943-CEFE-4F5D-AA2A-6BF8CA28D021}.Debug|Any CPU.Build.0 = Debug|Any CPU
		{2207F943-CEFE-4F5D-AA2A-6BF8CA28D021}.Release|Any CPU.ActiveCfg = Release|Any CPU
		{2207F943-CEFE-4F5D-AA2A-6BF8CA28D021}.Release|Any CPU.Build.0 = Release|Any CPU
		{A9C4FF0B-DE80-4496-B752-BBF5615498EB}.Debug|Any CPU.ActiveCfg = Debug|Any CPU
		{A9C4FF0B-DE80-4496-B752-BBF5615498EB}.Debug|Any CPU.Build.0 = Debug|Any CPU
		{A9C4FF0B-DE80-4496-B752-BBF5615498EB}.Release|Any CPU.ActiveCfg = Release|Any CPU
		{A9C4FF0B-DE80-4496-B752-BBF5615498EB}.Release|Any CPU.Build.0 = Release|Any CPU
		{A4B54B3E-716A-4989-AC03-5A11D6D15B92}.Debug|Any CPU.ActiveCfg = Debug|Any CPU
		{A4B54B3E-716A-4989-AC03-5A11D6D15B92}.Debug|Any CPU.Build.0 = Debug|Any CPU
		{A4B54B3E-716A-4989-AC03-5A11D6D15B92}.Release|Any CPU.ActiveCfg = Release|Any CPU
		{A4B54B3E-716A-4989-AC03-5A11D6D15B92}.Release|Any CPU.Build.0 = Release|Any CPU
		{7DEDFAFA-24B6-461D-89E5-E55025F6EDDA}.Debug|Any CPU.ActiveCfg = Debug|Any CPU
		{7DEDFAFA-24B6-461D-89E5-E55025F6EDDA}.Debug|Any CPU.Build.0 = Debug|Any CPU
		{7DEDFAFA-24B6-461D-89E5-E55025F6EDDA}.Release|Any CPU.ActiveCfg = Release|Any CPU
		{7DEDFAFA-24B6-461D-89E5-E55025F6EDDA}.Release|Any CPU.Build.0 = Release|Any CPU
		{0EABF8AE-46B2-43FA-BEF9-C5A739C185FC}.Debug|Any CPU.ActiveCfg = Debug|Any CPU
		{0EABF8AE-46B2-43FA-BEF9-C5A739C185FC}.Debug|Any CPU.Build.0 = Debug|Any CPU
		{0EABF8AE-46B2-43FA-BEF9-C5A739C185FC}.Release|Any CPU.ActiveCfg = Release|Any CPU
		{0EABF8AE-46B2-43FA-BEF9-C5A739C185FC}.Release|Any CPU.Build.0 = Release|Any CPU
		{0BB69AFA-FEBF-445F-A2C5-831875227ED3}.Debug|Any CPU.ActiveCfg = Debug|Any CPU
		{0BB69AFA-FEBF-445F-A2C5-831875227ED3}.Debug|Any CPU.Build.0 = Debug|Any CPU
		{0BB69AFA-FEBF-445F-A2C5-831875227ED3}.Release|Any CPU.ActiveCfg = Release|Any CPU
		{0BB69AFA-FEBF-445F-A2C5-831875227ED3}.Release|Any CPU.Build.0 = Release|Any CPU
		{13C322F5-9C52-4CE2-8492-47EC9D94BF69}.Debug|Any CPU.ActiveCfg = Debug|Any CPU
		{13C322F5-9C52-4CE2-8492-47EC9D94BF69}.Debug|Any CPU.Build.0 = Debug|Any CPU
		{13C322F5-9C52-4CE2-8492-47EC9D94BF69}.Release|Any CPU.ActiveCfg = Release|Any CPU
		{13C322F5-9C52-4CE2-8492-47EC9D94BF69}.Release|Any CPU.Build.0 = Release|Any CPU
		{EA3F49BA-1C33-4F2D-8101-20C0FD2421F8}.Debug|Any CPU.ActiveCfg = Debug|Any CPU
		{EA3F49BA-1C33-4F2D-8101-20C0FD2421F8}.Debug|Any CPU.Build.0 = Debug|Any CPU
		{EA3F49BA-1C33-4F2D-8101-20C0FD2421F8}.Release|Any CPU.ActiveCfg = Release|Any CPU
		{EA3F49BA-1C33-4F2D-8101-20C0FD2421F8}.Release|Any CPU.Build.0 = Release|Any CPU
		{6D0EC1CD-6AF0-4509-9BE9-CC5E5D2FCBE9}.Debug|Any CPU.ActiveCfg = Debug|Any CPU
		{6D0EC1CD-6AF0-4509-9BE9-CC5E5D2FCBE9}.Debug|Any CPU.Build.0 = Debug|Any CPU
		{6D0EC1CD-6AF0-4509-9BE9-CC5E5D2FCBE9}.Release|Any CPU.ActiveCfg = Release|Any CPU
		{6D0EC1CD-6AF0-4509-9BE9-CC5E5D2FCBE9}.Release|Any CPU.Build.0 = Release|Any CPU
		{A1E85C31-5993-4D8D-9B6A-62AB55FD2F3C}.Debug|Any CPU.ActiveCfg = Debug|Any CPU
		{A1E85C31-5993-4D8D-9B6A-62AB55FD2F3C}.Debug|Any CPU.Build.0 = Debug|Any CPU
		{A1E85C31-5993-4D8D-9B6A-62AB55FD2F3C}.Release|Any CPU.ActiveCfg = Release|Any CPU
		{A1E85C31-5993-4D8D-9B6A-62AB55FD2F3C}.Release|Any CPU.Build.0 = Release|Any CPU
		{A84B84A3-E57E-42A3-B630-EFB97125D8BF}.Debug|Any CPU.ActiveCfg = Debug|Any CPU
		{A84B84A3-E57E-42A3-B630-EFB97125D8BF}.Debug|Any CPU.Build.0 = Debug|Any CPU
		{A84B84A3-E57E-42A3-B630-EFB97125D8BF}.Release|Any CPU.ActiveCfg = Release|Any CPU
		{A84B84A3-E57E-42A3-B630-EFB97125D8BF}.Release|Any CPU.Build.0 = Release|Any CPU
		{788EA051-5FD5-4C5F-9D50-A41B30682D54}.Debug|Any CPU.ActiveCfg = Debug|Any CPU
		{788EA051-5FD5-4C5F-9D50-A41B30682D54}.Debug|Any CPU.Build.0 = Debug|Any CPU
		{788EA051-5FD5-4C5F-9D50-A41B30682D54}.Release|Any CPU.ActiveCfg = Release|Any CPU
		{788EA051-5FD5-4C5F-9D50-A41B30682D54}.Release|Any CPU.Build.0 = Release|Any CPU
		{16FA7C82-1AFC-4C9F-997E-2BC50A11502F}.Debug|Any CPU.ActiveCfg = Debug|Any CPU
		{16FA7C82-1AFC-4C9F-997E-2BC50A11502F}.Debug|Any CPU.Build.0 = Debug|Any CPU
		{16FA7C82-1AFC-4C9F-997E-2BC50A11502F}.Release|Any CPU.ActiveCfg = Release|Any CPU
		{16FA7C82-1AFC-4C9F-997E-2BC50A11502F}.Release|Any CPU.Build.0 = Release|Any CPU
		{4E883BC9-8E73-43B7-8B56-BB10E31C536D}.Debug|Any CPU.ActiveCfg = Debug|Any CPU
		{4E883BC9-8E73-43B7-8B56-BB10E31C536D}.Debug|Any CPU.Build.0 = Debug|Any CPU
		{4E883BC9-8E73-43B7-8B56-BB10E31C536D}.Release|Any CPU.ActiveCfg = Release|Any CPU
		{4E883BC9-8E73-43B7-8B56-BB10E31C536D}.Release|Any CPU.Build.0 = Release|Any CPU
		{3760E053-1BA4-4B45-BC87-0B4542484629}.Debug|Any CPU.ActiveCfg = Debug|Any CPU
		{3760E053-1BA4-4B45-BC87-0B4542484629}.Debug|Any CPU.Build.0 = Debug|Any CPU
		{3760E053-1BA4-4B45-BC87-0B4542484629}.Release|Any CPU.ActiveCfg = Release|Any CPU
		{3760E053-1BA4-4B45-BC87-0B4542484629}.Release|Any CPU.Build.0 = Release|Any CPU
		{02FE5A25-335D-4793-9DB5-ED783B04237A}.Debug|Any CPU.ActiveCfg = Debug|Any CPU
		{02FE5A25-335D-4793-9DB5-ED783B04237A}.Debug|Any CPU.Build.0 = Debug|Any CPU
		{02FE5A25-335D-4793-9DB5-ED783B04237A}.Release|Any CPU.ActiveCfg = Release|Any CPU
		{02FE5A25-335D-4793-9DB5-ED783B04237A}.Release|Any CPU.Build.0 = Release|Any CPU
	EndGlobalSection
	GlobalSection(SolutionProperties) = preSolution
		HideSolutionNode = FALSE
	EndGlobalSection
	GlobalSection(ExtensibilityGlobals) = postSolution
		SolutionGuid = {0747FFCA-C014-4389-AD92-D26333464F13}
	EndGlobalSection
EndGlobal
