
Microsoft Visual Studio Solution File, Format Version 12.00
# Visual Studio Version 16
VisualStudioVersion = 16.0.31729.503
MinimumVisualStudioVersion = 10.0.40219.1
Project("{9A19103F-16F7-4668-BE54-9A1E7A4F7556}") = "1", "1\1.csproj", "{C86A2125-2C7D-4375-A5DB-BDBFEB850D5B}"
EndProject
Project("{9A19103F-16F7-4668-BE54-9A1E7A4F7556}") = "2", "2\2.csproj", "{7F092C43-BEEF-4838-9E5D-596FDEE74867}"
EndProject
Project("{9A19103F-16F7-4668-BE54-9A1E7A4F7556}") = "3", "3\3.csproj", "{139CDFEC-790A-47BD-8741-B69B2911EC0C}"
EndProject
Project("{9A19103F-16F7-4668-BE54-9A1E7A4F7556}") = "4", "4\4.csproj", "{2207F943-CEFE-4F5D-AA2A-6BF8CA28D021}"
EndProject
Project("{FAE04EC0-301F-11D3-BF4B-00C04F79EFBC}") = "5", "5\5.csproj", "{A9C4FF0B-DE80-4496-B752-BBF5615498EB}"
EndProject
Global
	GlobalSection(SolutionConfigurationPlatforms) = preSolution
		Debug|Any CPU = Debug|Any CPU
		Release|Any CPU = Release|Any CPU
	EndGlobalSection
	GlobalSection(ProjectConfigurationPlatforms) = postSolution
		{C86A2125-2C7D-4375-A5DB-BDBFEB850D5B}.Debug|Any CPU.ActiveCfg = Debug|Any CPU
		{C86A2125-2C7D-4375-A5DB-BDBFEB850D5B}.Debug|Any CPU.Build.0 = Debug|Any CPU
		{C86A2125-2C7D-4375-A5DB-BDBFEB850D5B}.Release|Any CPU.ActiveCfg = Release|Any CPU
		{C86A2125-2C7D-4375-A5DB-BDBFEB850D5B}.Release|Any CPU.Build.0 = Release|Any CPU
		{7F092C43-BEEF-4838-9E5D-596FDEE74867}.Debug|Any CPU.ActiveCfg = Debug|Any CPU
		{7F092C43-BEEF-4838-9E5D-596FDEE74867}.Debug|Any CPU.Build.0 = Debug|Any CPU
		{7F092C43-BEEF-4838-9E5D-596FDEE74867}.Release|Any CPU.ActiveCfg = Release|Any CPU
		{7F092C43-BEEF-4838-9E5D-596FDEE74867}.Release|Any CPU.Build.0 = Release|Any CPU
		{139CDFEC-790A-47BD-8741-B69B2911EC0C}.Debug|Any CPU.ActiveCfg = Debug|Any CPU
		{139CDFEC-790A-47BD-8741-B69B2911EC0C}.Debug|Any CPU.Build.0 = Debug|Any CPU
		{139CDFEC-790A-47BD-8741-B69B2911EC0C}.Release|Any CPU.ActiveCfg = Release|Any CPU
		{139CDFEC-790A-47BD-8741-B69B2911EC0C}.Release|Any CPU.Build.0 = Release|Any CPU
		{2207F943-CEFE-4F5D-AA2A-6BF8CA28D021}.Debug|Any CPU.ActiveCfg = Debug|Any CPU
		{2207F943-CEFE-4F5D-AA2A-6BF8CA28D021}.Debug|Any CPU.Build.0 = Debug|Any CPU
		{2207F943-CEFE-4F5D-AA2A-6BF8CA28D021}.Release|Any CPU.ActiveCfg = Release|Any CPU
		{2207F943-CEFE-4F5D-AA2A-6BF8CA28D021}.Release|Any CPU.Build.0 = Release|Any CPU
		{A9C4FF0B-DE80-4496-B752-BBF5615498EB}.Debug|Any CPU.ActiveCfg = Debug|Any CPU
		{A9C4FF0B-DE80-4496-B752-BBF5615498EB}.Debug|Any CPU.Build.0 = Debug|Any CPU
		{A9C4FF0B-DE80-4496-B752-BBF5615498EB}.Release|Any CPU.ActiveCfg = Release|Any CPU
		{A9C4FF0B-DE80-4496-B752-BBF5615498EB}.Release|Any CPU.Build.0 = Release|Any CPU
	EndGlobalSection
	GlobalSection(SolutionProperties) = preSolution
		HideSolutionNode = FALSE
	EndGlobalSection
	GlobalSection(ExtensibilityGlobals) = postSolution
		SolutionGuid = {0747FFCA-C014-4389-AD92-D26333464F13}
	EndGlobalSection
EndGlobal
